
Microsoft Visual Studio Solution File, Format Version 12.00
# Visual Studio Version 17
VisualStudioVersion = 17.5.33627.172
MinimumVisualStudioVersion = 10.0.40219.1
Project("{9A19103F-16F7-4668-BE54-9A1E7A4F7556}") = "SalesPlatform-Web", "SalesPlatform-Web\SalesPlatform-Web.csproj", "{54C24615-1BFF-441B-B11F-1A6440F08C24}"
EndProject
Project("{9A19103F-16F7-4668-BE54-9A1E7A4F7556}") = "SalesPlatform-Application", "SalesPlatform-Application\SalesPlatform-Application.csproj", "{C20894DE-1E8F-4C57-A543-21CA947A04B0}"
EndProject
Project("{9A19103F-16F7-4668-BE54-9A1E7A4F7556}") = "SalesPlatform-Infrastructure", "SalesPlatform-Infrastructure\SalesPlatform-Infrastructure.csproj", "{1BFDBA9D-444A-4B0F-AEA6-82946F0B7F68}"
EndProject
Project("{9A19103F-16F7-4668-BE54-9A1E7A4F7556}") = "SalesPlatform-Domain", "SalesPlatform-Domain\SalesPlatform-Domain.csproj", "{20F83434-F732-431A-83E0-AA35C2F43813}"
EndProject
Project("{FAE04EC0-301F-11D3-BF4B-00C04F79EFBC}") = "SalesPlatform-Test", "SalesPlatform-Test\SalesPlatform-Test.csproj", "{96578C85-7592-4CA4-A0EF-C93DD2E37ECF}"
EndProject
Global
	GlobalSection(SolutionConfigurationPlatforms) = preSolution
		Debug|Any CPU = Debug|Any CPU
		Release|Any CPU = Release|Any CPU
	EndGlobalSection
	GlobalSection(ProjectConfigurationPlatforms) = postSolution
		{54C24615-1BFF-441B-B11F-1A6440F08C24}.Debug|Any CPU.ActiveCfg = Debug|Any CPU
		{54C24615-1BFF-441B-B11F-1A6440F08C24}.Debug|Any CPU.Build.0 = Debug|Any CPU
		{54C24615-1BFF-441B-B11F-1A6440F08C24}.Release|Any CPU.ActiveCfg = Release|Any CPU
		{54C24615-1BFF-441B-B11F-1A6440F08C24}.Release|Any CPU.Build.0 = Release|Any CPU
		{C20894DE-1E8F-4C57-A543-21CA947A04B0}.Debug|Any CPU.ActiveCfg = Debug|Any CPU
		{C20894DE-1E8F-4C57-A543-21CA947A04B0}.Debug|Any CPU.Build.0 = Debug|Any CPU
		{C20894DE-1E8F-4C57-A543-21CA947A04B0}.Release|Any CPU.ActiveCfg = Release|Any CPU
		{C20894DE-1E8F-4C57-A543-21CA947A04B0}.Release|Any CPU.Build.0 = Release|Any CPU
		{1BFDBA9D-444A-4B0F-AEA6-82946F0B7F68}.Debug|Any CPU.ActiveCfg = Debug|Any CPU
		{1BFDBA9D-444A-4B0F-AEA6-82946F0B7F68}.Debug|Any CPU.Build.0 = Debug|Any CPU
		{1BFDBA9D-444A-4B0F-AEA6-82946F0B7F68}.Release|Any CPU.ActiveCfg = Release|Any CPU
		{1BFDBA9D-444A-4B0F-AEA6-82946F0B7F68}.Release|Any CPU.Build.0 = Release|Any CPU
		{20F83434-F732-431A-83E0-AA35C2F43813}.Debug|Any CPU.ActiveCfg = Debug|Any CPU
		{20F83434-F732-431A-83E0-AA35C2F43813}.Debug|Any CPU.Build.0 = Debug|Any CPU
		{20F83434-F732-431A-83E0-AA35C2F43813}.Release|Any CPU.ActiveCfg = Release|Any CPU
		{20F83434-F732-431A-83E0-AA35C2F43813}.Release|Any CPU.Build.0 = Release|Any CPU
		{96578C85-7592-4CA4-A0EF-C93DD2E37ECF}.Debug|Any CPU.ActiveCfg = Debug|Any CPU
		{96578C85-7592-4CA4-A0EF-C93DD2E37ECF}.Debug|Any CPU.Build.0 = Debug|Any CPU
		{96578C85-7592-4CA4-A0EF-C93DD2E37ECF}.Release|Any CPU.ActiveCfg = Release|Any CPU
		{96578C85-7592-4CA4-A0EF-C93DD2E37ECF}.Release|Any CPU.Build.0 = Release|Any CPU
	EndGlobalSection
	GlobalSection(SolutionProperties) = preSolution
		HideSolutionNode = FALSE
	EndGlobalSection
	GlobalSection(ExtensibilityGlobals) = postSolution
		SolutionGuid = {1C3EF965-FA5E-4452-8A8C-5C7F88E565E6}
	EndGlobalSection
EndGlobal
